
Microsoft Visual Studio Solution File, Format Version 12.00
# Visual Studio Version 17
VisualStudioVersion = 17.7.34031.279
MinimumVisualStudioVersion = 10.0.40219.1
Project("{FAE04EC0-301F-11D3-BF4B-00C04F79EFBC}") = "PRN231PE_SP24_123890_SE160385", "PRN231PE_SP24_123890_SE160385\PRN231PE_SP24_123890_SE160385.csproj", "{09583BB2-E2C5-4277-BF50-4D09A12F0FFF}"
EndProject
Project("{FAE04EC0-301F-11D3-BF4B-00C04F79EFBC}") = "DataAccessObject", "DataAccessObject\DataAccessObject.csproj", "{17864A93-273B-4B31-9FC4-BD9E8DC4961E}"
EndProject
Project("{FAE04EC0-301F-11D3-BF4B-00C04F79EFBC}") = "DataAccessLayer", "DataAccessLayer\DataAccessLayer.csproj", "{855D37D8-0060-45DE-8B4B-717F32AEAB54}"
EndProject
Project("{FAE04EC0-301F-11D3-BF4B-00C04F79EFBC}") = "Repositories", "Repositories\Repositories.csproj", "{4D8C5782-AAA3-4E78-84B3-CFB48A178778}"
EndProject
Global
	GlobalSection(SolutionConfigurationPlatforms) = preSolution
		Debug|Any CPU = Debug|Any CPU
		Release|Any CPU = Release|Any CPU
	EndGlobalSection
	GlobalSection(ProjectConfigurationPlatforms) = postSolution
		{09583BB2-E2C5-4277-BF50-4D09A12F0FFF}.Debug|Any CPU.ActiveCfg = Debug|Any CPU
		{09583BB2-E2C5-4277-BF50-4D09A12F0FFF}.Debug|Any CPU.Build.0 = Debug|Any CPU
		{09583BB2-E2C5-4277-BF50-4D09A12F0FFF}.Release|Any CPU.ActiveCfg = Release|Any CPU
		{09583BB2-E2C5-4277-BF50-4D09A12F0FFF}.Release|Any CPU.Build.0 = Release|Any CPU
		{17864A93-273B-4B31-9FC4-BD9E8DC4961E}.Debug|Any CPU.ActiveCfg = Debug|Any CPU
		{17864A93-273B-4B31-9FC4-BD9E8DC4961E}.Debug|Any CPU.Build.0 = Debug|Any CPU
		{17864A93-273B-4B31-9FC4-BD9E8DC4961E}.Release|Any CPU.ActiveCfg = Release|Any CPU
		{17864A93-273B-4B31-9FC4-BD9E8DC4961E}.Release|Any CPU.Build.0 = Release|Any CPU
		{855D37D8-0060-45DE-8B4B-717F32AEAB54}.Debug|Any CPU.ActiveCfg = Debug|Any CPU
		{855D37D8-0060-45DE-8B4B-717F32AEAB54}.Debug|Any CPU.Build.0 = Debug|Any CPU
		{855D37D8-0060-45DE-8B4B-717F32AEAB54}.Release|Any CPU.ActiveCfg = Release|Any CPU
		{855D37D8-0060-45DE-8B4B-717F32AEAB54}.Release|Any CPU.Build.0 = Release|Any CPU
		{4D8C5782-AAA3-4E78-84B3-CFB48A178778}.Debug|Any CPU.ActiveCfg = Debug|Any CPU
		{4D8C5782-AAA3-4E78-84B3-CFB48A178778}.Debug|Any CPU.Build.0 = Debug|Any CPU
		{4D8C5782-AAA3-4E78-84B3-CFB48A178778}.Release|Any CPU.ActiveCfg = Release|Any CPU
		{4D8C5782-AAA3-4E78-84B3-CFB48A178778}.Release|Any CPU.Build.0 = Release|Any CPU
	EndGlobalSection
	GlobalSection(SolutionProperties) = preSolution
		HideSolutionNode = FALSE
	EndGlobalSection
	GlobalSection(ExtensibilityGlobals) = postSolution
		SolutionGuid = {6D7D3C80-804C-47F8-89F3-8E931DAA316A}
	EndGlobalSection
EndGlobal
